memo = "4534b6e0b4267316e8b3aaaa8798976ce4a51d65b492c1c5cbbaa83a9aa48b45"

[[projects]]
  name = "cloud.google.com/go"
  packages = ["compute/metadata","internal","internal/optional","storage"]
  revision = "2e6a95edb1071d750f6d7db777bf66cd2997af6c"
  version = "v0.7.0"

[[projects]]
  branch = "master"
  name = "github.com/golang/protobuf"
  packages = ["proto"]
  revision = "2bba0603135d7d7f5cb73b2125beeda19c09f4ef"

[[projects]]
  branch = "master"
  name = "github.com/googleapis/gax-go"
  packages = ["."]
  revision = "9af46dd5a1713e8b5cd71106287eba3cefdde50b"

[[projects]]
  name = "github.com/pkg/errors"
  packages = ["."]
  revision = "645ef00459ed84a119197bfb8d8205042c6df63d"
  version = "v0.8.0"

[[projects]]
  name = "github.com/satori/go.uuid"
  packages = ["."]
  revision = "879c5887cd475cd7864858769793b2ceb0d44feb"
  version = "v1.1.0"

[[projects]]
  branch = "master"
  name = "golang.org/x/net"
  packages = ["context","context/ctxhttp","http2","http2/hpack","idna","internal/timeseries","lex/httplex","trace"]
  revision = "d1e1b351919c6738fdeb9893d5c998b161464f0c"

[[projects]]
  branch = "master"
  name = "golang.org/x/oauth2"
  packages = [".","google","internal","jws","jwt"]
  revision = "a6bd8cefa1811bd24b86f8902872e4e8225f74c4"

[[projects]]
  branch = "master"
  name = "golang.org/x/text"
  packages = ["internal/gen","internal/triegen","internal/ucd","secure/bidirule","transform","unicode/bidi","unicode/cldr","unicode/norm","unicode/rangetable"]
  revision = "f4b4367115ec2de254587813edaa901bc1c723a8"

[[projects]]
  branch = "master"
  name = "google.golang.org/api"
  packages = ["gensupport","googleapi","googleapi/internal/uritemplates","googleapi/transport","internal","iterator","option","storage/v1","transport"]
  revision = "48e49d1645e228d1c50c3d54fb476b2224477303"

[[projects]]
  name = "google.golang.org/appengine"
  packages = [".","internal","internal/app_identity","internal/base","internal/datastore","internal/log","internal/modules","internal/remote_api","internal/socket","internal/urlfetch","socket","urlfetch"]
  revision = "150dc57a1b433e64154302bdc40b6bb8aefa313a"
  version = "v1.0.0"

[[projects]]
  name = "google.golang.org/grpc"
  packages = [".","codes","credentials","credentials/oauth","grpclog","internal","keepalive","metadata","naming","peer","stats","tap","transport"]
  revision = "8050b9cbc271307e5a716a9d782803d09b0d6f2d"
  version = "v1.2.1"
